github.com/Girein/slack-incoming-webhook-go v1.1.0 h1:CB/7ebUIPYWmFNgxjEHwOwvhAJJE+OG5Z3w1WJkmiWw=
github.com/Girein/slack-incoming-webhook-go v1.1.0/go.mod h1:NYRKEy7FXiLR73n4LTHk0yBrgIyFOwkgVZRTMmwBTBA=
github.com/joho/godotenv v1.3.0 h1:Zjp+RcGpHhGlrMbJzXTrZZPrWj+1vfm90La1wgB6Bhc=
github.com/joho/godotenv v1.3.0/go.mod h1:7hK45KPybAkOC6peb+G5yklZfMxEjkZhHbwpqxOKXbg=
